
Microsoft Visual Studio Solution File, Format Version 12.00
# Visual Studio Version 17
VisualStudioVersion = 17.8.34525.116
MinimumVisualStudioVersion = 10.0.40219.1
Project("{FAE04EC0-301F-11D3-BF4B-00C04F79EFBC}") = "EphemerisIII.Browser", "EphemerisIII\EphemerisIII.Browser\EphemerisIII.Browser.csproj", "{6EB38C6B-4003-404A-A095-13E0F97C2580}"
EndProject
Project("{F2A71F9B-5D33-465A-A702-920D77279786}") = "EphemerisIII", "EphemerisIII\EphemerisIII\EphemerisIII.fsproj", "{5C2809AE-9F3E-4A31-A209-84B54C0DEA91}"
EndProject
Project("{FAE04EC0-301F-11D3-BF4B-00C04F79EFBC}") = "EphemerisIII.Simulator", "EphemerisIII\EphemerisIII.Simulator\EphemerisIII.Simulator.csproj", "{9CDD97B9-7FF8-432C-981C-CD4B138E15BE}"
EndProject
Global
	GlobalSection(SolutionConfigurationPlatforms) = preSolution
		Debug|Any CPU = Debug|Any CPU
		Release|Any CPU = Release|Any CPU
	EndGlobalSection
	GlobalSection(ProjectConfigurationPlatforms) = postSolution
		{6EB38C6B-4003-404A-A095-13E0F97C2580}.Debug|Any CPU.ActiveCfg = Debug|Any CPU
		{6EB38C6B-4003-404A-A095-13E0F97C2580}.Debug|Any CPU.Build.0 = Debug|Any CPU
		{6EB38C6B-4003-404A-A095-13E0F97C2580}.Release|Any CPU.ActiveCfg = Release|Any CPU
		{6EB38C6B-4003-404A-A095-13E0F97C2580}.Release|Any CPU.Build.0 = Release|Any CPU
		{5C2809AE-9F3E-4A31-A209-84B54C0DEA91}.Debug|Any CPU.ActiveCfg = Debug|Any CPU
		{5C2809AE-9F3E-4A31-A209-84B54C0DEA91}.Debug|Any CPU.Build.0 = Debug|Any CPU
		{5C2809AE-9F3E-4A31-A209-84B54C0DEA91}.Release|Any CPU.ActiveCfg = Release|Any CPU
		{5C2809AE-9F3E-4A31-A209-84B54C0DEA91}.Release|Any CPU.Build.0 = Release|Any CPU
		{9CDD97B9-7FF8-432C-981C-CD4B138E15BE}.Debug|Any CPU.ActiveCfg = Debug|Any CPU
		{9CDD97B9-7FF8-432C-981C-CD4B138E15BE}.Debug|Any CPU.Build.0 = Debug|Any CPU
		{9CDD97B9-7FF8-432C-981C-CD4B138E15BE}.Release|Any CPU.ActiveCfg = Release|Any CPU
		{9CDD97B9-7FF8-432C-981C-CD4B138E15BE}.Release|Any CPU.Build.0 = Release|Any CPU
	EndGlobalSection
	GlobalSection(SolutionProperties) = preSolution
		HideSolutionNode = FALSE
	EndGlobalSection
	GlobalSection(ExtensibilityGlobals) = postSolution
		SolutionGuid = {338504EF-6109-47AF-A459-368DCD9532A5}
	EndGlobalSection
EndGlobal
